
Microsoft Visual Studio Solution File, Format Version 12.00
# Visual Studio Version 16
VisualStudioVersion = 16.0.30523.141
MinimumVisualStudioVersion = 10.0.40219.1
Project("{FAE04EC0-301F-11D3-BF4B-00C04F79EFBC}") = "1_Wprowadzenie", "1_Wprowadzenie\1_Wprowadzenie.csproj", "{B57CCC3F-CBDF-4AA9-8F5E-47999787E569}"
EndProject
Project("{FAE04EC0-301F-11D3-BF4B-00C04F79EFBC}") = "2_Funkcje_Csharp_dla_LINQ", "2_Funkcje_Csharp_dla_LINQ\2_Funkcje_Csharp_dla_LINQ.csproj", "{C1EB5528-B38F-4A35-8D94-118F21EDCFFA}"
EndProject
Project("{FAE04EC0-301F-11D3-BF4B-00C04F79EFBC}") = "3_Podstawowe_zapytania", "3_Podstawowe_zapytania\3_Podstawowe_zapytania.csproj", "{8FAACBA8-A80A-4475-8816-B20CF5475BBF}"
EndProject
Global
	GlobalSection(SolutionConfigurationPlatforms) = preSolution
		Debug|Any CPU = Debug|Any CPU
		Release|Any CPU = Release|Any CPU
	EndGlobalSection
	GlobalSection(ProjectConfigurationPlatforms) = postSolution
		{B57CCC3F-CBDF-4AA9-8F5E-47999787E569}.Debug|Any CPU.ActiveCfg = Debug|Any CPU
		{B57CCC3F-CBDF-4AA9-8F5E-47999787E569}.Debug|Any CPU.Build.0 = Debug|Any CPU
		{B57CCC3F-CBDF-4AA9-8F5E-47999787E569}.Release|Any CPU.ActiveCfg = Release|Any CPU
		{B57CCC3F-CBDF-4AA9-8F5E-47999787E569}.Release|Any CPU.Build.0 = Release|Any CPU
		{C1EB5528-B38F-4A35-8D94-118F21EDCFFA}.Debug|Any CPU.ActiveCfg = Debug|Any CPU
		{C1EB5528-B38F-4A35-8D94-118F21EDCFFA}.Debug|Any CPU.Build.0 = Debug|Any CPU
		{C1EB5528-B38F-4A35-8D94-118F21EDCFFA}.Release|Any CPU.ActiveCfg = Release|Any CPU
		{C1EB5528-B38F-4A35-8D94-118F21EDCFFA}.Release|Any CPU.Build.0 = Release|Any CPU
		{8FAACBA8-A80A-4475-8816-B20CF5475BBF}.Debug|Any CPU.ActiveCfg = Debug|Any CPU
		{8FAACBA8-A80A-4475-8816-B20CF5475BBF}.Debug|Any CPU.Build.0 = Debug|Any CPU
		{8FAACBA8-A80A-4475-8816-B20CF5475BBF}.Release|Any CPU.ActiveCfg = Release|Any CPU
		{8FAACBA8-A80A-4475-8816-B20CF5475BBF}.Release|Any CPU.Build.0 = Release|Any CPU
	EndGlobalSection
	GlobalSection(SolutionProperties) = preSolution
		HideSolutionNode = FALSE
	EndGlobalSection
	GlobalSection(ExtensibilityGlobals) = postSolution
		SolutionGuid = {ECEE7972-A7D0-4C7C-A8AF-24A1C1B30CDD}
	EndGlobalSection
EndGlobal
